<?xml version="1.0" encoding="utf-8"?>
<Project ToolsVersion="4.0" xmlns="http://schemas.microsoft.com/developer/msbuild/2003">
  <ItemGroup>
    <Filter Include="Source Files">
      <UniqueIdentifier>{4FC737F1-C7A5-4376-A066-2A32D752A2FF}</UniqueIdentifier>
      <Extensions>cpp;c;cc;cxx;def;odl;idl;hpj;bat;asm;asmx</Extensions>
    </Filter>
    <Filter Include="Header Files">
      <UniqueIdentifier>{93995380-89BD-4b04-88EB-625FBE52EBFB}</UniqueIdentifier>
      <Extensions>h;hh;hpp;hxx;hm;inl;inc;xsd</Extensions>
    </Filter>
    <Filter Include="Resource Files">
      <UniqueIdentifier>{67DA6AB6-F800-4c08-8B7A-83BB121AAD01}</UniqueIdentifier>
      <Extensions>rc;ico;cur;bmp;dlg;rc2;rct;bin;rgs;gif;jpg;jpeg;jpe;resx;tiff;tif;png;wav;mfcribbon-ms</Extensions>
    </Filter>
  </ItemGroup>
  <ItemGroup>
    <Text Include="ReadMe.txt" />
  </ItemGroup>
  <ItemGroup>
    <ClInclude Include="stdafx.h">
      <Filter>Header Files</Filter>
    </ClInclude>
    <ClInclude Include="targetver.h">
      <Filter>Header Files</Filter>
    </ClInclude>
    <ClInclude Include="..\..\src\bsw\cfg\Adc_Cfg.h">
      <Filter>Header Files</Filter>
    </ClInclude>
    <ClInclude Include="..\..\src\bsw\cfg\Com_Cfg.h">
      <Filter>Header Files</Filter>
    </ClInclude>
    <ClInclude Include="..\..\src\bsw\cfg\Dio_Cfg.h">
      <Filter>Header Files</Filter>
    </ClInclude>
    <ClInclude Include="..\..\src\bsw\cfg\Os_Cfg.h">
      <Filter>Header Files</Filter>
    </ClInclude>
    <ClInclude Include="..\..\src\bsw\cfg\Spi_Cfg.h">
      <Filter>Header Files</Filter>
    </ClInclude>
    <ClInclude Include="..\..\src\bsw\static\Adc.h">
      <Filter>Header Files</Filter>
    </ClInclude>
    <ClInclude Include="..\..\src\bsw\static\Com.h">
      <Filter>Header Files</Filter>
    </ClInclude>
    <ClInclude Include="..\..\src\bsw\static\Dio.h">
      <Filter>Header Files</Filter>
    </ClInclude>
    <ClInclude Include="..\..\src\bsw\static\Os.h">
      <Filter>Header Files</Filter>
    </ClInclude>
    <ClInclude Include="..\..\src\bsw\static\Spi.h">
      <Filter>Header Files</Filter>
    </ClInclude>
    <ClInclude Include="..\..\src\common\Std_Types.h">
      <Filter>Header Files</Filter>
    </ClInclude>
    <ClInclude Include="..\..\src\rte\Rte_HeightMotor.h">
      <Filter>Header Files</Filter>
    </ClInclude>
    <ClInclude Include="..\..\src\rte\Rte_HeightMotor_Type.h">
      <Filter>Header Files</Filter>
    </ClInclude>
    <ClInclude Include="..\..\src\rte\Rte_HeightSensor.h">
      <Filter>Header Files</Filter>
    </ClInclude>
    <ClInclude Include="..\..\src\rte\Rte_HeightSensor_Type.h">
      <Filter>Header Files</Filter>
    </ClInclude>
    <ClInclude Include="..\..\src\rte\Rte_HMI.h">
      <Filter>Header Files</Filter>
    </ClInclude>
    <ClInclude Include="..\..\src\rte\Rte_HMI_Type.h">
      <Filter>Header Files</Filter>
    </ClInclude>
    <ClInclude Include="..\..\src\rte\Rte_InclineMotor.h">
      <Filter>Header Files</Filter>
    </ClInclude>
    <ClInclude Include="..\..\src\rte\Rte_InclineMotor_Type.h">
      <Filter>Header Files</Filter>
    </ClInclude>
    <ClInclude Include="..\..\src\rte\Rte_InclineSensor.h">
      <Filter>Header Files</Filter>
    </ClInclude>
    <ClInclude Include="..\..\src\rte\Rte_InclineSensor_Type.h">
      <Filter>Header Files</Filter>
    </ClInclude>
    <ClInclude Include="..\..\src\rte\Rte_IoHwAbs.h">
      <Filter>Header Files</Filter>
    </ClInclude>
    <ClInclude Include="..\..\src\rte\Rte_IoHwAbs_Type.h">
      <Filter>Header Files</Filter>
    </ClInclude>
    <ClInclude Include="..\..\src\rte\Rte_SeatManager.h">
      <Filter>Header Files</Filter>
    </ClInclude>
    <ClInclude Include="..\..\src\rte\Rte_SeatManager_Type.h">
      <Filter>Header Files</Filter>
    </ClInclude>
    <ClInclude Include="..\..\src\rte\Rte_SlideMotor.h">
      <Filter>Header Files</Filter>
    </ClInclude>
    <ClInclude Include="..\..\src\rte\Rte_SlideMotor_Type.h">
      <Filter>Header Files</Filter>
    </ClInclude>
    <ClInclude Include="..\..\src\rte\Rte_SlideSensor.h">
      <Filter>Header Files</Filter>
    </ClInclude>
    <ClInclude Include="..\..\src\rte\Rte_SlideSensor_Type.h">
      <Filter>Header Files</Filter>
    </ClInclude>
    <ClInclude Include="..\..\src\rte\Rte_Type.h">
      <Filter>Header Files</Filter>
    </ClInclude>
    <ClInclude Include="..\..\src\rte\Rte_WeightSensor.h">
      <Filter>Header Files</Filter>
    </ClInclude>
    <ClInclude Include="..\..\src\rte\Rte_WeightSensor_Type.h">
      <Filter>Header Files</Filter>
    </ClInclude>
    <ClInclude Include="..\..\src\rte\Rte_Main.h">
      <Filter>Header Files</Filter>
    </ClInclude>
    <ClInclude Include="..\..\src\rte\Rte_Cbk.h">
      <Filter>Header Files</Filter>
    </ClInclude>
    <ClInclude Include="..\..\src\vfb\vfb.h">
      <Filter>Header Files</Filter>
    </ClInclude>
  </ItemGroup>
  <ItemGroup>
    <ClCompile Include="..\..\src\app\appswcs\HMI.c">
      <Filter>Source Files</Filter>
    </ClCompile>
    <ClCompile Include="..\..\src\app\appswcs\SeatManager.c">
      <Filter>Source Files</Filter>
    </ClCompile>
    <ClCompile Include="..\..\src\app\sensors_actuators\HeightMotor.c">
      <Filter>Source Files</Filter>
    </ClCompile>
    <ClCompile Include="..\..\src\app\sensors_actuators\HeightSensor.c">
      <Filter>Source Files</Filter>
    </ClCompile>
    <ClCompile Include="..\..\src\app\sensors_actuators\InclineMotor.c">
      <Filter>Source Files</Filter>
    </ClCompile>
    <ClCompile Include="..\..\src\app\sensors_actuators\InclineSensor.c">
      <Filter>Source Files</Filter>
    </ClCompile>
    <ClCompile Include="..\..\src\app\sensors_actuators\IoHwAbs.c">
      <Filter>Source Files</Filter>
    </ClCompile>
    <ClCompile Include="..\..\src\app\sensors_actuators\SlideMotor.c">
      <Filter>Source Files</Filter>
    </ClCompile>
    <ClCompile Include="..\..\src\app\sensors_actuators\SlideSensor.c">
      <Filter>Source Files</Filter>
    </ClCompile>
    <ClCompile Include="..\..\src\app\sensors_actuators\WeightSensor.c">
      <Filter>Source Files</Filter>
    </ClCompile>
    <ClCompile Include="..\..\src\bsw\static\Adc.c">
      <Filter>Source Files</Filter>
    </ClCompile>
    <ClCompile Include="..\..\src\bsw\static\Com.c">
      <Filter>Source Files</Filter>
    </ClCompile>
    <ClCompile Include="..\..\src\bsw\static\Dio.c">
      <Filter>Source Files</Filter>
    </ClCompile>
    <ClCompile Include="..\..\src\bsw\static\Os.c">
      <Filter>Source Files</Filter>
    </ClCompile>
    <ClCompile Include="..\..\src\bsw\static\Spi.c">
      <Filter>Source Files</Filter>
    </ClCompile>
    <ClCompile Include="..\..\src\rte\Rte.c">
      <Filter>Source Files</Filter>
    </ClCompile>
    <ClCompile Include="..\..\src\vfb\vfb.c">
      <Filter>Source Files</Filter>
    </ClCompile>
    <ClCompile Include="..\..\src\main.c">
      <Filter>Source Files</Filter>
    </ClCompile>
  </ItemGroup>
</Project>